
Microsoft Visual Studio Solution File, Format Version 12.00
# Visual Studio Version 16
VisualStudioVersion = 16.0.30011.22
MinimumVisualStudioVersion = 10.0.40219.1
Project("{FAE04EC0-301F-11D3-BF4B-00C04F79EFBC}") = "CrudEmployee", "CrudEmployee\CrudEmployee.csproj", "{5B6DCC00-D7F5-4116-AA85-4E282552E3A0}"
EndProject
Global
	GlobalSection(SolutionConfigurationPlatforms) = preSolution
		Debug|Any CPU = Debug|Any CPU
		Release|Any CPU = Release|Any CPU
	EndGlobalSection
	GlobalSection(ProjectConfigurationPlatforms) = postSolution
		{5B6DCC00-D7F5-4116-AA85-4E282552E3A0}.Debug|Any CPU.ActiveCfg = Debug|Any CPU
		{5B6DCC00-D7F5-4116-AA85-4E282552E3A0}.Debug|Any CPU.Build.0 = Debug|Any CPU
		{5B6DCC00-D7F5-4116-AA85-4E282552E3A0}.Release|Any CPU.ActiveCfg = Release|Any CPU
		{5B6DCC00-D7F5-4116-AA85-4E282552E3A0}.Release|Any CPU.Build.0 = Release|Any CPU
	EndGlobalSection
	GlobalSection(SolutionProperties) = preSolution
		HideSolutionNode = FALSE
	EndGlobalSection
	GlobalSection(ExtensibilityGlobals) = postSolution
		SolutionGuid = {61AF0E46-F92F-4722-8404-782A629D96C2}
	EndGlobalSection
EndGlobal
